
Microsoft Visual Studio Solution File, Format Version 12.00
# Visual Studio 15
VisualStudioVersion = 15.0.27130.2027
MinimumVisualStudioVersion = 10.0.40219.1
Project("{FAE04EC0-301F-11D3-BF4B-00C04F79EFBC}") = "Solitea_Mihalik", "Solitea-Mihalik\Solitea_Mihalik.csproj", "{781F173A-706C-40E6-921D-90EEB0AE53B7}"
EndProject
Project("{FAE04EC0-301F-11D3-BF4B-00C04F79EFBC}") = "Solitea-Mihalik-Test", "Solitea-Mihalik-Test\Solitea-Mihalik-Test.csproj", "{E116A957-1307-41F0-8DB6-D07AEEAC0DD8}"
EndProject
Global
	GlobalSection(SolutionConfigurationPlatforms) = preSolution
		Debug|Any CPU = Debug|Any CPU
		Release|Any CPU = Release|Any CPU
	EndGlobalSection
	GlobalSection(ProjectConfigurationPlatforms) = postSolution
		{781F173A-706C-40E6-921D-90EEB0AE53B7}.Debug|Any CPU.ActiveCfg = Debug|Any CPU
		{781F173A-706C-40E6-921D-90EEB0AE53B7}.Debug|Any CPU.Build.0 = Debug|Any CPU
		{781F173A-706C-40E6-921D-90EEB0AE53B7}.Release|Any CPU.ActiveCfg = Release|Any CPU
		{781F173A-706C-40E6-921D-90EEB0AE53B7}.Release|Any CPU.Build.0 = Release|Any CPU
		{E116A957-1307-41F0-8DB6-D07AEEAC0DD8}.Debug|Any CPU.ActiveCfg = Debug|Any CPU
		{E116A957-1307-41F0-8DB6-D07AEEAC0DD8}.Debug|Any CPU.Build.0 = Debug|Any CPU
		{E116A957-1307-41F0-8DB6-D07AEEAC0DD8}.Release|Any CPU.ActiveCfg = Release|Any CPU
		{E116A957-1307-41F0-8DB6-D07AEEAC0DD8}.Release|Any CPU.Build.0 = Release|Any CPU
	EndGlobalSection
	GlobalSection(SolutionProperties) = preSolution
		HideSolutionNode = FALSE
	EndGlobalSection
	GlobalSection(ExtensibilityGlobals) = postSolution
		SolutionGuid = {0020DF17-405B-42C6-8E3D-DFF0C3577380}
	EndGlobalSection
EndGlobal
